
Microsoft Visual Studio Solution File, Format Version 12.00
# Visual Studio Version 16
VisualStudioVersion = 16.0.31205.134
MinimumVisualStudioVersion = 10.0.40219.1
Project("{FAE04EC0-301F-11D3-BF4B-00C04F79EFBC}") = "MarsQA_Specflow", "MarsQA_Specflow\MarsQA_Specflow.csproj", "{C044B6CB-F21F-47E9-9A30-992BD22EE266}"
EndProject
Global
	GlobalSection(SolutionConfigurationPlatforms) = preSolution
		Debug|Any CPU = Debug|Any CPU
		Release|Any CPU = Release|Any CPU
	EndGlobalSection
	GlobalSection(ProjectConfigurationPlatforms) = postSolution
		{C044B6CB-F21F-47E9-9A30-992BD22EE266}.Debug|Any CPU.ActiveCfg = Debug|Any CPU
		{C044B6CB-F21F-47E9-9A30-992BD22EE266}.Debug|Any CPU.Build.0 = Debug|Any CPU
		{C044B6CB-F21F-47E9-9A30-992BD22EE266}.Release|Any CPU.ActiveCfg = Release|Any CPU
		{C044B6CB-F21F-47E9-9A30-992BD22EE266}.Release|Any CPU.Build.0 = Release|Any CPU
	EndGlobalSection
	GlobalSection(SolutionProperties) = preSolution
		HideSolutionNode = FALSE
	EndGlobalSection
	GlobalSection(ExtensibilityGlobals) = postSolution
		SolutionGuid = {E69A97A0-87F0-45E2-8FD5-E70CA7A89013}
	EndGlobalSection
EndGlobal
